
Microsoft Visual Studio Solution File, Format Version 12.00
# Visual Studio Version 17
VisualStudioVersion = 17.7.34221.43
MinimumVisualStudioVersion = 10.0.40219.1
Project("{FAE04EC0-301F-11D3-BF4B-00C04F79EFBC}") = "Arrayofusers.SO", "Arrayofusers.SO.csproj", "{5421DF13-5F43-4DCF-9D81-85E3D768D91B}"
EndProject
Global
	GlobalSection(SolutionConfigurationPlatforms) = preSolution
		Debug|Any CPU = Debug|Any CPU
		Release|Any CPU = Release|Any CPU
	EndGlobalSection
	GlobalSection(ProjectConfigurationPlatforms) = postSolution
		{5421DF13-5F43-4DCF-9D81-85E3D768D91B}.Debug|Any CPU.ActiveCfg = Debug|Any CPU
		{5421DF13-5F43-4DCF-9D81-85E3D768D91B}.Debug|Any CPU.Build.0 = Debug|Any CPU
		{5421DF13-5F43-4DCF-9D81-85E3D768D91B}.Release|Any CPU.ActiveCfg = Release|Any CPU
		{5421DF13-5F43-4DCF-9D81-85E3D768D91B}.Release|Any CPU.Build.0 = Release|Any CPU
	EndGlobalSection
	GlobalSection(SolutionProperties) = preSolution
		HideSolutionNode = FALSE
	EndGlobalSection
	GlobalSection(ExtensibilityGlobals) = postSolution
		SolutionGuid = {0C975B28-16DB-4F83-8498-3F01148120F9}
	EndGlobalSection
EndGlobal
